# GENERATED by featuregen.materialize.render — do not edit.
#
# The three runtime pins, taken from ClusterInventoryV1.engine_versions — what the target
# environment was captured RUNNING, not what resolves today.
#
# The cluster's own engines are recorded in README.md and are NOT installed by this
# project: hive 3.1.3 · spark 3.5.1 · metastore 3.1.3 · java 11.0.22.
kedro==0.19.9
kedro-datasets==4.1.0
pyspark==3.5.1
